{
  "requires": true,
  "lockfileVersion": 1,
  "dependencies": {
    "vanta": {
      "version": "0.5.16",
      "resolved": "https://registry.npmjs.org/vanta/-/vanta-0.5.16.tgz",
      "integrity": "sha512-UxZKC0BqsWeW62agLwJFqogYPFblHMBXCIU6dVqjMUfbhH3ZQ+9nLh5SCXuSL8bm0fdzvnors5/sarSsJsqxzw=="
    }
  }
}
